# This file is autogenerated, do not edit; changes may be undone by the next 'dep ensure'.


[[projects]]
  digest = "1:08628a37c6a261a427999a480459a082c5e4e967d95b642e7040306e1cc2734c"
  name = "github.com/golang/protobuf"
  packages = ["proto"]
  pruneopts = "UT"
  revision = "e8b7c67215abd7972a3b83f7620e04e7fa5e18e9"

[[projects]]
  digest = "1:d0b5a34ea6ee5a792efb279b54d09245d5d06cfd86e7382abd82a5ddcd86324f"
  name = "github.com/rcrowley/go-metrics"
  packages = ["."]
  pruneopts = "UT"
  revision = "cfa5a85e9f0abbdf1701b59082c36fc7bff10759"

[[projects]]
  digest = "1:3ada3c851147700e139ba3cfc02c8fe584b1243a53d61d5e1f7e37a6b78d5ae6"
  name = "golang.org/x/net"
  packages = [
    "context",
    "http2",
    "http2/hpack",
    "internal/timeseries",
    "lex/httplex",
    "trace",
  ]
  pruneopts = "UT"
  revision = "b400c2eff1badec7022a8c8f5bea058b6315eed7"

[[projects]]
  digest = "1:ec952051919a521edfc9a69c07e73c7f282b0d05a20b255384c2e8b7cfaa87d7"
  name = "google.golang.org/grpc"
  packages = [
    ".",
    "codes",
    "credentials",
    "grpclog",
    "internal",
    "metadata",
    "naming",
    "peer",
    "stats",
    "tap",
    "transport",
  ]
  pruneopts = "UT"
  revision = "708a7f9f3283aa2d4f6132d287d78683babe55c8"
  version = "v1.0.5"

[solve-meta]
  analyzer-name = "dep"
  analyzer-version = 1
  input-imports = [
    "github.com/golang/protobuf/proto",
    "github.com/rcrowley/go-metrics",
    "golang.org/x/net/context",
    "golang.org/x/net/http2",
    "google.golang.org/grpc",
    "google.golang.org/grpc/codes",
    "google.golang.org/grpc/credentials",
    "google.golang.org/grpc/naming",
    "google.golang.org/grpc/peer",
  ]
  solver-name = "gps-cdcl"
  solver-version = 1
